// !$*UTF8*$!
{
	archiveVersion = 1;
	classes = {
	};
	objectVersion = 50;
	objects = {

/* Begin PBXBuildFile section */
		B4F300C38FC785A97BF76506 /* HPItemStore.m in Sources */ = {isa = PBXBuildFile; fileRef = B4F30EBF50B9ECE1AE2B0E0D /* HPItemStore.m */; };
		B4F3027C5E23F2BE1164B729 /* HPItem.m in Sources */ = {isa = PBXBuildFile; fileRef = B4F30AEFC4BE3581E00B992D /* HPItem.m */; };
		B4F30725CF567EA2957E230E /* HPItemsViewController.m in Sources */ = {isa = PBXBuildFile; fileRef = B4F301B935BB545A5970230C /* HPItemsViewController.m */; };
		FAC51E5B2140BD660054755C /* AppDelegate.m in Sources */ = {isa = PBXBuildFile; fileRef = FAC51E5A2140BD660054755C /* AppDelegate.m */; };
		FAC51E632140BD680054755C /* Assets.xcassets in Resources */ = {isa = PBXBuildFile; fileRef = FAC51E622140BD680054755C /* Assets.xcassets */; };
		FAC51E692140BD680054755C /* main.m in Sources */ = {isa = PBXBuildFile; fileRef = FAC51E682140BD680054755C /* main.m */; };
		FAC51E732140BD680054755C /* HomePwnerTests.m in Sources */ = {isa = PBXBuildFile; fileRef = FAC51E722140BD680054755C /* HomePwnerTests.m */; };
		FAC51E7E2140BD680054755C /* HomePwnerUITests.m in Sources */ = {isa = PBXBuildFile; fileRef = FAC51E7D2140BD680054755C /* HomePwnerUITests.m */; };
/* End PBXBuildFile section */

/* Begin PBXContainerItemProxy section */
		FAC51E6F2140BD680054755C /* PBXContainerItemProxy */ = {
			isa = PBXContainerItemProxy;
			containerPortal = FAC51E4E2140BD660054755C /* Project object */;
			proxyType = 1;
			remoteGlobalIDString = FAC51E552140BD660054755C;
			remoteInfo = HomePwner;
		};
		FAC51E7A2140BD680054755C /* PBXContainerItemProxy */ = {
			isa = PBXContainerItemProxy;
			containerPortal = FAC51E4E2140BD660054755C /* Project object */;
			proxyType = 1;
			remoteGlobalIDString = FAC51E552140BD660054755C;
			remoteInfo = HomePwner;
		};
/* End PBXContainerItemProxy section */

/* Begin PBXFileReference section */
		B4F301B935BB545A5970230C /* HPItemsViewController.m */ = {isa = PBXFileReference; fileEncoding = 4; lastKnownFileType = sourcecode.c.objc; path = HPItemsViewController.m; sourceTree = "<group>"; };
		B4F302E14179A8F986C1E84A /* HPItemsViewController.h */ = {isa = PBXFileReference; fileEncoding = 4; lastKnownFileType = sourcecode.c.h; path = HPItemsViewController.h; sourceTree = "<group>"; };
		B4F3097C928EFBFADA09126C /* HPItemStore.h */ = {isa = PBXFileReference; fileEncoding = 4; lastKnownFileType = sourcecode.c.h; path = HPItemStore.h; sourceTree = "<group>"; };
		B4F30A5211C150AF4A100835 /* HPItem.h */ = {isa = PBXFileReference; fileEncoding = 4; lastKnownFileType = sourcecode.c.h; path = HPItem.h; sourceTree = "<group>"; };
		B4F30AEFC4BE3581E00B992D /* HPItem.m */ = {isa = PBXFileReference; fileEncoding = 4; lastKnownFileType = sourcecode.c.objc; path = HPItem.m; sourceTree = "<group>"; };
		B4F30EBF50B9ECE1AE2B0E0D /* HPItemStore.m */ = {isa = PBXFileReference; fileEncoding = 4; lastKnownFileType = sourcecode.c.objc; path = HPItemStore.m; sourceTree = "<group>"; };
		FAC51E562140BD660054755C /* HomePwner.app */ = {isa = PBXFileReference; explicitFileType = wrapper.application; includeInIndex = 0; path = HomePwner.app; sourceTree = BUILT_PRODUCTS_DIR; };
		FAC51E592140BD660054755C /* AppDelegate.h */ = {isa = PBXFileReference; lastKnownFileType = sourcecode.c.h; path = AppDelegate.h; sourceTree = "<group>"; };
		FAC51E5A2140BD660054755C /* AppDelegate.m */ = {isa = PBXFileReference; lastKnownFileType = sourcecode.c.objc; path = AppDelegate.m; sourceTree = "<group>"; };
		FAC51E622140BD680054755C /* Assets.xcassets */ = {isa = PBXFileReference; lastKnownFileType = folder.assetcatalog; path = Assets.xcassets; sourceTree = "<group>"; };
		FAC51E672140BD680054755C /* Info.plist */ = {isa = PBXFileReference; lastKnownFileType = text.plist.xml; path = Info.plist; sourceTree = "<group>"; };
		FAC51E682140BD680054755C /* main.m */ = {isa = PBXFileReference; lastKnownFileType = sourcecode.c.objc; path = main.m; sourceTree = "<group>"; };
		FAC51E6E2140BD680054755C /* HomePwnerTests.xctest */ = {isa = PBXFileReference; explicitFileType = wrapper.cfbundle; includeInIndex = 0; path = HomePwnerTests.xctest; sourceTree = BUILT_PRODUCTS_DIR; };
		FAC51E722140BD680054755C /* HomePwnerTests.m */ = {isa = PBXFileReference; lastKnownFileType = sourcecode.c.objc; path = HomePwnerTests.m; sourceTree = "<group>"; };
		FAC51E742140BD680054755C /* Info.plist */ = {isa = PBXFileReference; lastKnownFileType = text.plist.xml; path = Info.plist; sourceTree = "<group>"; };
		FAC51E792140BD680054755C /* HomePwnerUITests.xctest */ = {isa = PBXFileReference; explicitFileType = wrapper.cfbundle; includeInIndex = 0; path = HomePwnerUITests.xctest; sourceTree = BUILT_PRODUCTS_DIR; };
		FAC51E7D2140BD680054755C /* HomePwnerUITests.m */ = {isa = PBXFileReference; lastKnownFileType = sourcecode.c.objc; path = HomePwnerUITests.m; sourceTree = "<group>"; };
		FAC51E7F2140BD680054755C /* Info.plist */ = {isa = PBXFileReference; lastKnownFileType = text.plist.xml; path = Info.plist; sourceTree = "<group>"; };
/* End PBXFileReference section */

/* Begin PBXFrameworksBuildPhase section */
		FAC51E532140BD660054755C /* Frameworks */ = {
			isa = PBXFrameworksBuildPhase;
			buildActionMask = 2147483647;
			files = (
			);
			runOnlyForDeploymentPostprocessing = 0;
		};
		FAC51E6B2140BD680054755C /* Frameworks */ = {
			isa = PBXFrameworksBuildPhase;
			buildActionMask = 2147483647;
			files = (
			);
			runOnlyForDeploymentPostprocessing = 0;
		};
		FAC51E762140BD680054755C /* Frameworks */ = {
			isa = PBXFrameworksBuildPhase;
			buildActionMask = 2147483647;
			files = (
			);
			runOnlyForDeploymentPostprocessing = 0;
		};
/* End PBXFrameworksBuildPhase section */

/* Begin PBXGroup section */
		FAC51E4D2140BD660054755C = {
			isa = PBXGroup;
			children = (
				FAC51E582140BD660054755C /* HomePwner */,
				FAC51E712140BD680054755C /* HomePwnerTests */,
				FAC51E7C2140BD680054755C /* HomePwnerUITests */,
				FAC51E572140BD660054755C /* Products */,
			);
			sourceTree = "<group>";
		};
		FAC51E572140BD660054755C /* Products */ = {
			isa = PBXGroup;
			children = (
				FAC51E562140BD660054755C /* HomePwner.app */,
				FAC51E6E2140BD680054755C /* HomePwnerTests.xctest */,
				FAC51E792140BD680054755C /* HomePwnerUITests.xctest */,
			);
			name = Products;
			sourceTree = "<group>";
		};
		FAC51E582140BD660054755C /* HomePwner */ = {
			isa = PBXGroup;
			children = (
				FAC51E592140BD660054755C /* AppDelegate.h */,
				FAC51E5A2140BD660054755C /* AppDelegate.m */,
				FAC51E622140BD680054755C /* Assets.xcassets */,
				FAC51E672140BD680054755C /* Info.plist */,
				FAC51E682140BD680054755C /* main.m */,
				B4F30A5211C150AF4A100835 /* HPItem.h */,
				B4F30AEFC4BE3581E00B992D /* HPItem.m */,
				B4F301B935BB545A5970230C /* HPItemsViewController.m */,
				B4F302E14179A8F986C1E84A /* HPItemsViewController.h */,
				B4F30EBF50B9ECE1AE2B0E0D /* HPItemStore.m */,
				B4F3097C928EFBFADA09126C /* HPItemStore.h */,
			);
			path = HomePwner;
			sourceTree = "<group>";
		};
		FAC51E712140BD680054755C /* HomePwnerTests */ = {
			isa = PBXGroup;
			children = (
				FAC51E722140BD680054755C /* HomePwnerTests.m */,
				FAC51E742140BD680054755C /* Info.plist */,
			);
			path = HomePwnerTests;
			sourceTree = "<group>";
		};
		FAC51E7C2140BD680054755C /* HomePwnerUITests */ = {
			isa = PBXGroup;
			children = (
				FAC51E7D2140BD680054755C /* HomePwnerUITests.m */,
				FAC51E7F2140BD680054755C /* Info.plist */,
			);
			path = HomePwnerUITests;
			sourceTree = "<group>";
		};
/* End PBXGroup section */

/* Begin PBXNativeTarget section */
		FAC51E552140BD660054755C /* HomePwner */ = {
			isa = PBXNativeTarget;
			buildConfigurationList = FAC51E822140BD680054755C /* Build configuration list for PBXNativeTarget "HomePwner" */;
			buildPhases = (
				FAC51E522140BD660054755C /* Sources */,
				FAC51E532140BD660054755C /* Frameworks */,
				FAC51E542140BD660054755C /* Resources */,
			);
			buildRules = (
			);
			dependencies = (
			);
			name = HomePwner;
			productName = HomePwner;
			productReference = FAC51E562140BD660054755C /* HomePwner.app */;
			productType = "com.apple.product-type.application";
		};
		FAC51E6D2140BD680054755C /* HomePwnerTests */ = {
			isa = PBXNativeTarget;
			buildConfigurationList = FAC51E852140BD680054755C /* Build configuration list for PBXNativeTarget "HomePwnerTests" */;
			buildPhases = (
				FAC51E6A2140BD680054755C /* Sources */,
				FAC51E6B2140BD680054755C /* Frameworks */,
				FAC51E6C2140BD680054755C /* Resources */,
			);
			buildRules = (
			);
			dependencies = (
				FAC51E702140BD680054755C /* PBXTargetDependency */,
			);
			name = HomePwnerTests;
			productName = HomePwnerTests;
			productReference = FAC51E6E2140BD680054755C /* HomePwnerTests.xctest */;
			productType = "com.apple.product-type.bundle.unit-test";
		};
		FAC51E782140BD680054755C /* HomePwnerUITests */ = {
			isa = PBXNativeTarget;
			buildConfigurationList = FAC51E882140BD680054755C /* Build configuration list for PBXNativeTarget "HomePwnerUITests" */;
			buildPhases = (
				FAC51E752140BD680054755C /* Sources */,
				FAC51E762140BD680054755C /* Frameworks */,
				FAC51E772140BD680054755C /* Resources */,
			);
			buildRules = (
			);
			dependencies = (
				FAC51E7B2140BD680054755C /* PBXTargetDependency */,
			);
			name = HomePwnerUITests;
			productName = HomePwnerUITests;
			productReference = FAC51E792140BD680054755C /* HomePwnerUITests.xctest */;
			productType = "com.apple.product-type.bundle.ui-testing";
		};
/* End PBXNativeTarget section */

/* Begin PBXProject section */
		FAC51E4E2140BD660054755C /* Project object */ = {
			isa = PBXProject;
			attributes = {
				LastUpgradeCheck = 0940;
				ORGANIZATIONNAME = "Lv Qingyang";
				TargetAttributes = {
					FAC51E552140BD660054755C = {
						CreatedOnToolsVersion = 9.4.1;
					};
					FAC51E6D2140BD680054755C = {
						CreatedOnToolsVersion = 9.4.1;
						TestTargetID = FAC51E552140BD660054755C;
					};
					FAC51E782140BD680054755C = {
						CreatedOnToolsVersion = 9.4.1;
						TestTargetID = FAC51E552140BD660054755C;
					};
				};
			};
			buildConfigurationList = FAC51E512140BD660054755C /* Build configuration list for PBXProject "HomePwner" */;
			compatibilityVersion = "Xcode 9.3";
			developmentRegion = en;
			hasScannedForEncodings = 0;
			knownRegions = (
				en,
				Base,
			);
			mainGroup = FAC51E4D2140BD660054755C;
			productRefGroup = FAC51E572140BD660054755C /* Products */;
			projectDirPath = "";
			projectRoot = "";
			targets = (
				FAC51E552140BD660054755C /* HomePwner */,
				FAC51E6D2140BD680054755C /* HomePwnerTests */,
				FAC51E782140BD680054755C /* HomePwnerUITests */,
			);
		};
/* End PBXProject section */

/* Begin PBXResourcesBuildPhase section */
		FAC51E542140BD660054755C /* Resources */ = {
			isa = PBXResourcesBuildPhase;
			buildActionMask = 2147483647;
			files = (
				FAC51E632140BD680054755C /* Assets.xcassets in Resources */,
			);
			runOnlyForDeploymentPostprocessing = 0;
		};
		FAC51E6C2140BD680054755C /* Resources */ = {
			isa = PBXResourcesBuildPhase;
			buildActionMask = 2147483647;
			files = (
			);
			runOnlyForDeploymentPostprocessing = 0;
		};
		FAC51E772140BD680054755C /* Resources */ = {
			isa = PBXResourcesBuildPhase;
			buildActionMask = 2147483647;
			files = (
			);
			runOnlyForDeploymentPostprocessing = 0;
		};
/* End PBXResourcesBuildPhase section */

/* Begin PBXSourcesBuildPhase section */
		FAC51E522140BD660054755C /* Sources */ = {
			isa = PBXSourcesBuildPhase;
			buildActionMask = 2147483647;
			files = (
				FAC51E692140BD680054755C /* main.m in Sources */,
				FAC51E5B2140BD660054755C /* AppDelegate.m in Sources */,
				B4F3027C5E23F2BE1164B729 /* HPItem.m in Sources */,
				B4F30725CF567EA2957E230E /* HPItemsViewController.m in Sources */,
				B4F300C38FC785A97BF76506 /* HPItemStore.m in Sources */,
			);
			runOnlyForDeploymentPostprocessing = 0;
		};
		FAC51E6A2140BD680054755C /* Sources */ = {
			isa = PBXSourcesBuildPhase;
			buildActionMask = 2147483647;
			files = (
				FAC51E732140BD680054755C /* HomePwnerTests.m in Sources */,
			);
			runOnlyForDeploymentPostprocessing = 0;
		};
		FAC51E752140BD680054755C /* Sources */ = {
			isa = PBXSourcesBuildPhase;
			buildActionMask = 2147483647;
			files = (
				FAC51E7E2140BD680054755C /* HomePwnerUITests.m in Sources */,
			);
			runOnlyForDeploymentPostprocessing = 0;
		};
/* End PBXSourcesBuildPhase section */

/* Begin PBXTargetDependency section */
		FAC51E702140BD680054755C /* PBXTargetDependency */ = {
			isa = PBXTargetDependency;
			target = FAC51E552140BD660054755C /* HomePwner */;
			targetProxy = FAC51E6F2140BD680054755C /* PBXContainerItemProxy */;
		};
		FAC51E7B2140BD680054755C /* PBXTargetDependency */ = {
			isa = PBXTargetDependency;
			target = FAC51E552140BD660054755C /* HomePwner */;
			targetProxy = FAC51E7A2140BD680054755C /* PBXContainerItemProxy */;
		};
/* End PBXTargetDependency section */

/* Begin XCBuildConfiguration section */
		FAC51E802140BD680054755C /* Debug */ = {
			isa = XCBuildConfiguration;
			buildSettings = {
				ALWAYS_SEARCH_USER_PATHS = NO;
				CLANG_ANALYZER_NONNULL = YES;
				CLANG_ANALYZER_NUMBER_OBJECT_CONVERSION = YES_AGGRESSIVE;
				CLANG_CXX_LANGUAGE_STANDARD = "gnu++14";
				CLANG_CXX_LIBRARY = "libc++";
				CLANG_ENABLE_MODULES = YES;
				CLANG_ENABLE_OBJC_ARC = YES;
				CLANG_ENABLE_OBJC_WEAK = YES;
				CLANG_WARN_BLOCK_CAPTURE_AUTORELEASING = YES;
				CLANG_WARN_BOOL_CONVERSION = YES;
				CLANG_WARN_COMMA = YES;
				CLANG_WARN_CONSTANT_CONVERSION = YES;
				CLANG_WARN_DEPRECATED_OBJC_IMPLEMENTATIONS = YES;
				CLANG_WARN_DIRECT_OBJC_ISA_USAGE = YES_ERROR;
				CLANG_WARN_DOCUMENTATION_COMMENTS = YES;
				CLANG_WARN_EMPTY_BODY = YES;
				CLANG_WARN_ENUM_CONVERSION = YES;
				CLANG_WARN_INFINITE_RECURSION = YES;
				CLANG_WARN_INT_CONVERSION = YES;
				CLANG_WARN_NON_LITERAL_NULL_CONVERSION = YES;
				CLANG_WARN_OBJC_IMPLICIT_RETAIN_SELF = YES;
				CLANG_WARN_OBJC_LITERAL_CONVERSION = YES;
				CLANG_WARN_OBJC_ROOT_CLASS = YES_ERROR;
				CLANG_WARN_RANGE_LOOP_ANALYSIS = YES;
				CLANG_WARN_STRICT_PROTOTYPES = YES;
				CLANG_WARN_SUSPICIOUS_MOVE = YES;
				CLANG_WARN_UNGUARDED_AVAILABILITY = YES_AGGRESSIVE;
				CLANG_WARN_UNREACHABLE_CODE = YES;
				CLANG_WARN__DUPLICATE_METHOD_MATCH = YES;
				CODE_SIGN_IDENTITY = "iPhone Developer";
				COPY_PHASE_STRIP = NO;
				DEBUG_INFORMATION_FORMAT = dwarf;
				ENABLE_STRICT_OBJC_MSGSEND = YES;
				ENABLE_TESTABILITY = YES;
				GCC_C_LANGUAGE_STANDARD = gnu11;
				GCC_DYNAMIC_NO_PIC = NO;
				GCC_NO_COMMON_BLOCKS = YES;
				GCC_OPTIMIZATION_LEVEL = 0;
				GCC_PREPROCESSOR_DEFINITIONS = (
					"DEBUG=1",
					"$(inherited)",
				);
				GCC_WARN_64_TO_32_BIT_CONVERSION = YES;
				GCC_WARN_ABOUT_RETURN_TYPE = YES_ERROR;
				GCC_WARN_UNDECLARED_SELECTOR = YES;
				GCC_WARN_UNINITIALIZED_AUTOS = YES_AGGRESSIVE;
				GCC_WARN_UNUSED_FUNCTION = YES;
				GCC_WARN_UNUSED_VARIABLE = YES;
				IPHONEOS_DEPLOYMENT_TARGET = 11.4;
				MTL_ENABLE_DEBUG_INFO = YES;
				ONLY_ACTIVE_ARCH = YES;
				SDKROOT = iphoneos;
			};
			name = Debug;
		};
		FAC51E812140BD680054755C /* Release */ = {
			isa = XCBuildConfiguration;
			buildSettings = {
				ALWAYS_SEARCH_USER_PATHS = NO;
				CLANG_ANALYZER_NONNULL = YES;
				CLANG_ANALYZER_NUMBER_OBJECT_CONVERSION = YES_AGGRESSIVE;
				CLANG_CXX_LANGUAGE_STANDARD = "gnu++14";
				CLANG_CXX_LIBRARY = "libc++";
				CLANG_ENABLE_MODULES = YES;
				CLANG_ENABLE_OBJC_ARC = YES;
				CLANG_ENABLE_OBJC_WEAK = YES;
				CLANG_WARN_BLOCK_CAPTURE_AUTORELEASING = YES;
				CLANG_WARN_BOOL_CONVERSION = YES;
				CLANG_WARN_COMMA = YES;
				CLANG_WARN_CONSTANT_CONVERSION = YES;
				CLANG_WARN_DEPRECATED_OBJC_IMPLEMENTATIONS = YES;
				CLANG_WARN_DIRECT_OBJC_ISA_USAGE = YES_ERROR;
				CLANG_WARN_DOCUMENTATION_COMMENTS = YES;
				CLANG_WARN_EMPTY_BODY = YES;
				CLANG_WARN_ENUM_CONVERSION = YES;
				CLANG_WARN_INFINITE_RECURSION = YES;
				CLANG_WARN_INT_CONVERSION = YES;
				CLANG_WARN_NON_LITERAL_NULL_CONVERSION = YES;
				CLANG_WARN_OBJC_IMPLICIT_RETAIN_SELF = YES;
				CLANG_WARN_OBJC_LITERAL_CONVERSION = YES;
				CLANG_WARN_OBJC_ROOT_CLASS = YES_ERROR;
				CLANG_WARN_RANGE_LOOP_ANALYSIS = YES;
				CLANG_WARN_STRICT_PROTOTYPES = YES;
				CLANG_WARN_SUSPICIOUS_MOVE = YES;
				CLANG_WARN_UNGUARDED_AVAILABILITY = YES_AGGRESSIVE;
				CLANG_WARN_UNREACHABLE_CODE = YES;
				CLANG_WARN__DUPLICATE_METHOD_MATCH = YES;
				CODE_SIGN_IDENTITY = "iPhone Developer";
				COPY_PHASE_STRIP = NO;
				DEBUG_INFORMATION_FORMAT = "dwarf-with-dsym";
				ENABLE_NS_ASSERTIONS = NO;
				ENABLE_STRICT_OBJC_MSGSEND = YES;
				GCC_C_LANGUAGE_STANDARD = gnu11;
				GCC_NO_COMMON_BLOCKS = YES;
				GCC_WARN_64_TO_32_BIT_CONVERSION = YES;
				GCC_WARN_ABOUT_RETURN_TYPE = YES_ERROR;
				GCC_WARN_UNDECLARED_SELECTOR = YES;
				GCC_WARN_UNINITIALIZED_AUTOS = YES_AGGRESSIVE;
				GCC_WARN_UNUSED_FUNCTION = YES;
				GCC_WARN_UNUSED_VARIABLE = YES;
				IPHONEOS_DEPLOYMENT_TARGET = 11.4;
				MTL_ENABLE_DEBUG_INFO = NO;
				SDKROOT = iphoneos;
				VALIDATE_PRODUCT = YES;
			};
			name = Release;
		};
		FAC51E832140BD680054755C /* Debug */ = {
			isa = XCBuildConfiguration;
			buildSettings = {
				ASSETCATALOG_COMPILER_APPICON_NAME = AppIcon;
				CODE_SIGN_STYLE = Automatic;
				INFOPLIST_FILE = HomePwner/Info.plist;
				LD_RUNPATH_SEARCH_PATHS = (
					"$(inherited)",
					"@executable_path/Frameworks",
				);
				PRODUCT_BUNDLE_IDENTIFIER = com.lqy.HomePwner;
				PRODUCT_NAME = "$(TARGET_NAME)";
				TARGETED_DEVICE_FAMILY = "1,2";
			};
			name = Debug;
		};
		FAC51E842140BD680054755C /* Release */ = {
			isa = XCBuildConfiguration;
			buildSettings = {
				ASSETCATALOG_COMPILER_APPICON_NAME = AppIcon;
				CODE_SIGN_STYLE = Automatic;
				INFOPLIST_FILE = HomePwner/Info.plist;
				LD_RUNPATH_SEARCH_PATHS = (
					"$(inherited)",
					"@executable_path/Frameworks",
				);
				PRODUCT_BUNDLE_IDENTIFIER = com.lqy.HomePwner;
				PRODUCT_NAME = "$(TARGET_NAME)";
				TARGETED_DEVICE_FAMILY = "1,2";
			};
			name = Release;
		};
		FAC51E862140BD680054755C /* Debug */ = {
			isa = XCBuildConfiguration;
			buildSettings = {
				BUNDLE_LOADER = "$(TEST_HOST)";
				CODE_SIGN_STYLE = Automatic;
				INFOPLIST_FILE = HomePwnerTests/Info.plist;
				LD_RUNPATH_SEARCH_PATHS = (
					"$(inherited)",
					"@executable_path/Frameworks",
					"@loader_path/Frameworks",
				);
				PRODUCT_BUNDLE_IDENTIFIER = com.lqy.HomePwnerTests;
				PRODUCT_NAME = "$(TARGET_NAME)";
				TARGETED_DEVICE_FAMILY = "1,2";
				TEST_HOST = "$(BUILT_PRODUCTS_DIR)/HomePwner.app/HomePwner";
			};
			name = Debug;
		};
		FAC51E872140BD680054755C /* Release */ = {
			isa = XCBuildConfiguration;
			buildSettings = {
				BUNDLE_LOADER = "$(TEST_HOST)";
				CODE_SIGN_STYLE = Automatic;
				INFOPLIST_FILE = HomePwnerTests/Info.plist;
				LD_RUNPATH_SEARCH_PATHS = (
					"$(inherited)",
					"@executable_path/Frameworks",
					"@loader_path/Frameworks",
				);
				PRODUCT_BUNDLE_IDENTIFIER = com.lqy.HomePwnerTests;
				PRODUCT_NAME = "$(TARGET_NAME)";
				TARGETED_DEVICE_FAMILY = "1,2";
				TEST_HOST = "$(BUILT_PRODUCTS_DIR)/HomePwner.app/HomePwner";
			};
			name = Release;
		};
		FAC51E892140BD680054755C /* Debug */ = {
			isa = XCBuildConfiguration;
			buildSettings = {
				CODE_SIGN_STYLE = Automatic;
				INFOPLIST_FILE = HomePwnerUITests/Info.plist;
				LD_RUNPATH_SEARCH_PATHS = (
					"$(inherited)",
					"@executable_path/Frameworks",
					"@loader_path/Frameworks",
				);
				PRODUCT_BUNDLE_IDENTIFIER = com.lqy.HomePwnerUITests;
				PRODUCT_NAME = "$(TARGET_NAME)";
				TARGETED_DEVICE_FAMILY = "1,2";
				TEST_TARGET_NAME = HomePwner;
			};
			name = Debug;
		};
		FAC51E8A2140BD680054755C /* Release */ = {
			isa = XCBuildConfiguration;
			buildSettings = {
				CODE_SIGN_STYLE = Automatic;
				INFOPLIST_FILE = HomePwnerUITests/Info.plist;
				LD_RUNPATH_SEARCH_PATHS = (
					"$(inherited)",
					"@executable_path/Frameworks",
					"@loader_path/Frameworks",
				);
				PRODUCT_BUNDLE_IDENTIFIER = com.lqy.HomePwnerUITests;
				PRODUCT_NAME = "$(TARGET_NAME)";
				TARGETED_DEVICE_FAMILY = "1,2";
				TEST_TARGET_NAME = HomePwner;
			};
			name = Release;
		};
/* End XCBuildConfiguration section */

/* Begin XCConfigurationList section */
		FAC51E512140BD660054755C /* Build configuration list for PBXProject "HomePwner" */ = {
			isa = XCConfigurationList;
			buildConfigurations = (
				FAC51E802140BD680054755C /* Debug */,
				FAC51E812140BD680054755C /* Release */,
			);
			defaultConfigurationIsVisible = 0;
			defaultConfigurationName = Release;
		};
		FAC51E822140BD680054755C /* Build configuration list for PBXNativeTarget "HomePwner" */ = {
			isa = XCConfigurationList;
			buildConfigurations = (
				FAC51E832140BD680054755C /* Debug */,
				FAC51E842140BD680054755C /* Release */,
			);
			defaultConfigurationIsVisible = 0;
			defaultConfigurationName = Release;
		};
		FAC51E852140BD680054755C /* Build configuration list for PBXNativeTarget "HomePwnerTests" */ = {
			isa = XCConfigurationList;
			buildConfigurations = (
				FAC51E862140BD680054755C /* Debug */,
				FAC51E872140BD680054755C /* Release */,
			);
			defaultConfigurationIsVisible = 0;
			defaultConfigurationName = Release;
		};
		FAC51E882140BD680054755C /* Build configuration list for PBXNativeTarget "HomePwnerUITests" */ = {
			isa = XCConfigurationList;
			buildConfigurations = (
				FAC51E892140BD680054755C /* Debug */,
				FAC51E8A2140BD680054755C /* Release */,
			);
			defaultConfigurationIsVisible = 0;
			defaultConfigurationName = Release;
		};
/* End XCConfigurationList section */
	};
	rootObject = FAC51E4E2140BD660054755C /* Project object */;
}
